
Microsoft Visual Studio Solution File, Format Version 12.00
# Visual Studio 15
VisualStudioVersion = 15.0.27428.2015
MinimumVisualStudioVersion = 10.0.40219.1
Project("{FAE04EC0-301F-11D3-BF4B-00C04F79EFBC}") = "RecurrenceExceptions.Android", "RecurrenceExceptions\RecurrenceExceptions.Android\RecurrenceExceptions.Android.csproj", "{C3A734D0-67C7-4BE6-B86C-9A5046406EF2}"
EndProject
Project("{FAE04EC0-301F-11D3-BF4B-00C04F79EFBC}") = "RecurrenceExceptions.iOS", "RecurrenceExceptions\RecurrenceExceptions.iOS\RecurrenceExceptions.iOS.csproj", "{22E0BD61-463D-429A-9171-663E6BDEABAB}"
EndProject
Project("{FAE04EC0-301F-11D3-BF4B-00C04F79EFBC}") = "RecurrenceExceptions.UWP", "RecurrenceExceptions\RecurrenceExceptions.UWP\RecurrenceExceptions.UWP.csproj", "{C4AAA756-D0F0-4F62-86B2-83B3A9612456}"
EndProject
Project("{FAE04EC0-301F-11D3-BF4B-00C04F79EFBC}") = "RecurrenceExceptions", "RecurrenceExceptions\RecurrenceExceptions\RecurrenceExceptions.csproj", "{EF097939-6811-4762-AF41-DADBDBC35261}"
EndProject
Global
	GlobalSection(SolutionConfigurationPlatforms) = preSolution
		Ad-Hoc|Any CPU = Ad-Hoc|Any CPU
		Ad-Hoc|ARM = Ad-Hoc|ARM
		Ad-Hoc|iPhone = Ad-Hoc|iPhone
		Ad-Hoc|iPhoneSimulator = Ad-Hoc|iPhoneSimulator
		Ad-Hoc|x64 = Ad-Hoc|x64
		Ad-Hoc|x86 = Ad-Hoc|x86
		AppStore|Any CPU = AppStore|Any CPU
		AppStore|ARM = AppStore|ARM
		AppStore|iPhone = AppStore|iPhone
		AppStore|iPhoneSimulator = AppStore|iPhoneSimulator
		AppStore|x64 = AppStore|x64
		AppStore|x86 = AppStore|x86
		Debug|Any CPU = Debug|Any CPU
		Debug|ARM = Debug|ARM
		Debug|iPhone = Debug|iPhone
		Debug|iPhoneSimulator = Debug|iPhoneSimulator
		Debug|x64 = Debug|x64
		Debug|x86 = Debug|x86
		Release|Any CPU = Release|Any CPU
		Release|ARM = Release|ARM
		Release|iPhone = Release|iPhone
		Release|iPhoneSimulator = Release|iPhoneSimulator
		Release|x64 = Release|x64
		Release|x86 = Release|x86
	EndGlobalSection
	GlobalSection(ProjectConfigurationPlatforms) = postSolution
		{C3A734D0-67C7-4BE6-B86C-9A5046406EF2}.Ad-Hoc|Any CPU.ActiveCfg = Release|Any CPU
		{C3A734D0-67C7-4BE6-B86C-9A5046406EF2}.Ad-Hoc|Any CPU.Build.0 = Release|Any CPU
		{C3A734D0-67C7-4BE6-B86C-9A5046406EF2}.Ad-Hoc|Any CPU.Deploy.0 = Release|Any CPU
		{C3A734D0-67C7-4BE6-B86C-9A5046406EF2}.Ad-Hoc|ARM.ActiveCfg = Release|Any CPU
		{C3A734D0-67C7-4BE6-B86C-9A5046406EF2}.Ad-Hoc|ARM.Build.0 = Release|Any CPU
		{C3A734D0-67C7-4BE6-B86C-9A5046406EF2}.Ad-Hoc|ARM.Deploy.0 = Release|Any CPU
		{C3A734D0-67C7-4BE6-B86C-9A5046406EF2}.Ad-Hoc|iPhone.ActiveCfg = Release|Any CPU
		{C3A734D0-67C7-4BE6-B86C-9A5046406EF2}.Ad-Hoc|iPhone.Build.0 = Release|Any CPU
		{C3A734D0-67C7-4BE6-B86C-9A5046406EF2}.Ad-Hoc|iPhone.Deploy.0 = Release|Any CPU
		{C3A734D0-67C7-4BE6-B86C-9A5046406EF2}.Ad-Hoc|iPhoneSimulator.ActiveCfg = Release|Any CPU
		{C3A734D0-67C7-4BE6-B86C-9A5046406EF2}.Ad-Hoc|iPhoneSimulator.Build.0 = Release|Any CPU
		{C3A734D0-67C7-4BE6-B86C-9A5046406EF2}.Ad-Hoc|iPhoneSimulator.Deploy.0 = Release|Any CPU
		{C3A734D0-67C7-4BE6-B86C-9A5046406EF2}.Ad-Hoc|x64.ActiveCfg = Release|Any CPU
		{C3A734D0-67C7-4BE6-B86C-9A5046406EF2}.Ad-Hoc|x64.Build.0 = Release|Any CPU
		{C3A734D0-67C7-4BE6-B86C-9A5046406EF2}.Ad-Hoc|x64.Deploy.0 = Release|Any CPU
		{C3A734D0-67C7-4BE6-B86C-9A5046406EF2}.Ad-Hoc|x86.ActiveCfg = Release|Any CPU
		{C3A734D0-67C7-4BE6-B86C-9A5046406EF2}.Ad-Hoc|x86.Build.0 = Release|Any CPU
		{C3A734D0-67C7-4BE6-B86C-9A5046406EF2}.Ad-Hoc|x86.Deploy.0 = Release|Any CPU
		{C3A734D0-67C7-4BE6-B86C-9A5046406EF2}.AppStore|Any CPU.ActiveCfg = Release|Any CPU
		{C3A734D0-67C7-4BE6-B86C-9A5046406EF2}.AppStore|Any CPU.Build.0 = Release|Any CPU
		{C3A734D0-67C7-4BE6-B86C-9A5046406EF2}.AppStore|Any CPU.Deploy.0 = Release|Any CPU
		{C3A734D0-67C7-4BE6-B86C-9A5046406EF2}.AppStore|ARM.ActiveCfg = Release|Any CPU
		{C3A734D0-67C7-4BE6-B86C-9A5046406EF2}.AppStore|ARM.Build.0 = Release|Any CPU
		{C3A734D0-67C7-4BE6-B86C-9A5046406EF2}.AppStore|ARM.Deploy.0 = Release|Any CPU
		{C3A734D0-67C7-4BE6-B86C-9A5046406EF2}.AppStore|iPhone.ActiveCfg = Release|Any CPU
		{C3A734D0-67C7-4BE6-B86C-9A5046406EF2}.AppStore|iPhone.Build.0 = Release|Any CPU
		{C3A734D0-67C7-4BE6-B86C-9A5046406EF2}.AppStore|iPhone.Deploy.0 = Release|Any CPU
		{C3A734D0-67C7-4BE6-B86C-9A5046406EF2}.AppStore|iPhoneSimulator.ActiveCfg = Release|Any CPU
		{C3A734D0-67C7-4BE6-B86C-9A5046406EF2}.AppStore|iPhoneSimulator.Build.0 = Release|Any CPU
		{C3A734D0-67C7-4BE6-B86C-9A5046406EF2}.AppStore|iPhoneSimulator.Deploy.0 = Release|Any CPU
		{C3A734D0-67C7-4BE6-B86C-9A5046406EF2}.AppStore|x64.ActiveCfg = Release|Any CPU
		{C3A734D0-67C7-4BE6-B86C-9A5046406EF2}.AppStore|x64.Build.0 = Release|Any CPU
		{C3A734D0-67C7-4BE6-B86C-9A5046406EF2}.AppStore|x64.Deploy.0 = Release|Any CPU
		{C3A734D0-67C7-4BE6-B86C-9A5046406EF2}.AppStore|x86.ActiveCfg = Release|Any CPU
		{C3A734D0-67C7-4BE6-B86C-9A5046406EF2}.AppStore|x86.Build.0 = Release|Any CPU
		{C3A734D0-67C7-4BE6-B86C-9A5046406EF2}.AppStore|x86.Deploy.0 = Release|Any CPU
		{C3A734D0-67C7-4BE6-B86C-9A5046406EF2}.Debug|Any CPU.ActiveCfg = Debug|Any CPU
		{C3A734D0-67C7-4BE6-B86C-9A5046406EF2}.Debug|Any CPU.Build.0 = Debug|Any CPU
		{C3A734D0-67C7-4BE6-B86C-9A5046406EF2}.Debug|Any CPU.Deploy.0 = Debug|Any CPU
		{C3A734D0-67C7-4BE6-B86C-9A5046406EF2}.Debug|ARM.ActiveCfg = Debug|Any CPU
		{C3A734D0-67C7-4BE6-B86C-9A5046406EF2}.Debug|ARM.Build.0 = Debug|Any CPU
		{C3A734D0-67C7-4BE6-B86C-9A5046406EF2}.Debug|ARM.Deploy.0 = Debug|Any CPU
		{C3A734D0-67C7-4BE6-B86C-9A5046406EF2}.Debug|iPhone.ActiveCfg = Debug|Any CPU
		{C3A734D0-67C7-4BE6-B86C-9A5046406EF2}.Debug|iPhone.Build.0 = Debug|Any CPU
		{C3A734D0-67C7-4BE6-B86C-9A5046406EF2}.Debug|iPhone.Deploy.0 = Debug|Any CPU
		{C3A734D0-67C7-4BE6-B86C-9A5046406EF2}.Debug|iPhoneSimulator.ActiveCfg = Debug|Any CPU
		{C3A734D0-67C7-4BE6-B86C-9A5046406EF2}.Debug|iPhoneSimulator.Build.0 = Debug|Any CPU
		{C3A734D0-67C7-4BE6-B86C-9A5046406EF2}.Debug|iPhoneSimulator.Deploy.0 = Debug|Any CPU
		{C3A734D0-67C7-4BE6-B86C-9A5046406EF2}.Debug|x64.ActiveCfg = Debug|Any CPU
		{C3A734D0-67C7-4BE6-B86C-9A5046406EF2}.Debug|x64.Build.0 = Debug|Any CPU
		{C3A734D0-67C7-4BE6-B86C-9A5046406EF2}.Debug|x64.Deploy.0 = Debug|Any CPU
		{C3A734D0-67C7-4BE6-B86C-9A5046406EF2}.Debug|x86.ActiveCfg = Debug|Any CPU
		{C3A734D0-67C7-4BE6-B86C-9A5046406EF2}.Debug|x86.Build.0 = Debug|Any CPU
		{C3A734D0-67C7-4BE6-B86C-9A5046406EF2}.Debug|x86.Deploy.0 = Debug|Any CPU
		{C3A734D0-67C7-4BE6-B86C-9A5046406EF2}.Release|Any CPU.ActiveCfg = Release|Any CPU
		{C3A734D0-67C7-4BE6-B86C-9A5046406EF2}.Release|Any CPU.Build.0 = Release|Any CPU
		{C3A734D0-67C7-4BE6-B86C-9A5046406EF2}.Release|Any CPU.Deploy.0 = Release|Any CPU
		{C3A734D0-67C7-4BE6-B86C-9A5046406EF2}.Release|ARM.ActiveCfg = Release|Any CPU
		{C3A734D0-67C7-4BE6-B86C-9A5046406EF2}.Release|ARM.Build.0 = Release|Any CPU
		{C3A734D0-67C7-4BE6-B86C-9A5046406EF2}.Release|ARM.Deploy.0 = Release|Any CPU
		{C3A734D0-67C7-4BE6-B86C-9A5046406EF2}.Release|iPhone.ActiveCfg = Release|Any CPU
		{C3A734D0-67C7-4BE6-B86C-9A5046406EF2}.Release|iPhone.Build.0 = Release|Any CPU
		{C3A734D0-67C7-4BE6-B86C-9A5046406EF2}.Release|iPhone.Deploy.0 = Release|Any CPU
		{C3A734D0-67C7-4BE6-B86C-9A5046406EF2}.Release|iPhoneSimulator.ActiveCfg = Release|Any CPU
		{C3A734D0-67C7-4BE6-B86C-9A5046406EF2}.Release|iPhoneSimulator.Build.0 = Release|Any CPU
		{C3A734D0-67C7-4BE6-B86C-9A5046406EF2}.Release|iPhoneSimulator.Deploy.0 = Release|Any CPU
		{C3A734D0-67C7-4BE6-B86C-9A5046406EF2}.Release|x64.ActiveCfg = Release|Any CPU
		{C3A734D0-67C7-4BE6-B86C-9A5046406EF2}.Release|x64.Build.0 = Release|Any CPU
		{C3A734D0-67C7-4BE6-B86C-9A5046406EF2}.Release|x64.Deploy.0 = Release|Any CPU
		{C3A734D0-67C7-4BE6-B86C-9A5046406EF2}.Release|x86.ActiveCfg = Release|Any CPU
		{C3A734D0-67C7-4BE6-B86C-9A5046406EF2}.Release|x86.Build.0 = Release|Any CPU
		{C3A734D0-67C7-4BE6-B86C-9A5046406EF2}.Release|x86.Deploy.0 = Release|Any CPU
		{22E0BD61-463D-429A-9171-663E6BDEABAB}.Ad-Hoc|Any CPU.ActiveCfg = Ad-Hoc|iPhone
		{22E0BD61-463D-429A-9171-663E6BDEABAB}.Ad-Hoc|ARM.ActiveCfg = Ad-Hoc|iPhone
		{22E0BD61-463D-429A-9171-663E6BDEABAB}.Ad-Hoc|iPhone.ActiveCfg = Ad-Hoc|iPhone
		{22E0BD61-463D-429A-9171-663E6BDEABAB}.Ad-Hoc|iPhone.Build.0 = Ad-Hoc|iPhone
		{22E0BD61-463D-429A-9171-663E6BDEABAB}.Ad-Hoc|iPhoneSimulator.ActiveCfg = Ad-Hoc|iPhoneSimulator
		{22E0BD61-463D-429A-9171-663E6BDEABAB}.Ad-Hoc|iPhoneSimulator.Build.0 = Ad-Hoc|iPhoneSimulator
		{22E0BD61-463D-429A-9171-663E6BDEABAB}.Ad-Hoc|x64.ActiveCfg = Ad-Hoc|iPhone
		{22E0BD61-463D-429A-9171-663E6BDEABAB}.Ad-Hoc|x86.ActiveCfg = Ad-Hoc|iPhone
		{22E0BD61-463D-429A-9171-663E6BDEABAB}.AppStore|Any CPU.ActiveCfg = AppStore|iPhone
		{22E0BD61-463D-429A-9171-663E6BDEABAB}.AppStore|ARM.ActiveCfg = AppStore|iPhone
		{22E0BD61-463D-429A-9171-663E6BDEABAB}.AppStore|iPhone.ActiveCfg = AppStore|iPhone
		{22E0BD61-463D-429A-9171-663E6BDEABAB}.AppStore|iPhone.Build.0 = AppStore|iPhone
		{22E0BD61-463D-429A-9171-663E6BDEABAB}.AppStore|iPhoneSimulator.ActiveCfg = AppStore|iPhoneSimulator
		{22E0BD61-463D-429A-9171-663E6BDEABAB}.AppStore|iPhoneSimulator.Build.0 = AppStore|iPhoneSimulator
		{22E0BD61-463D-429A-9171-663E6BDEABAB}.AppStore|x64.ActiveCfg = AppStore|iPhone
		{22E0BD61-463D-429A-9171-663E6BDEABAB}.AppStore|x86.ActiveCfg = AppStore|iPhone
		{22E0BD61-463D-429A-9171-663E6BDEABAB}.Debug|Any CPU.ActiveCfg = Debug|iPhone
		{22E0BD61-463D-429A-9171-663E6BDEABAB}.Debug|ARM.ActiveCfg = Debug|iPhone
		{22E0BD61-463D-429A-9171-663E6BDEABAB}.Debug|iPhone.ActiveCfg = Debug|iPhone
		{22E0BD61-463D-429A-9171-663E6BDEABAB}.Debug|iPhone.Build.0 = Debug|iPhone
		{22E0BD61-463D-429A-9171-663E6BDEABAB}.Debug|iPhoneSimulator.ActiveCfg = Debug|iPhoneSimulator
		{22E0BD61-463D-429A-9171-663E6BDEABAB}.Debug|iPhoneSimulator.Build.0 = Debug|iPhoneSimulator
		{22E0BD61-463D-429A-9171-663E6BDEABAB}.Debug|x64.ActiveCfg = Debug|iPhone
		{22E0BD61-463D-429A-9171-663E6BDEABAB}.Debug|x86.ActiveCfg = Debug|iPhone
		{22E0BD61-463D-429A-9171-663E6BDEABAB}.Release|Any CPU.ActiveCfg = Release|iPhone
		{22E0BD61-463D-429A-9171-663E6BDEABAB}.Release|ARM.ActiveCfg = Release|iPhone
		{22E0BD61-463D-429A-9171-663E6BDEABAB}.Release|iPhone.ActiveCfg = Release|iPhone
		{22E0BD61-463D-429A-9171-663E6BDEABAB}.Release|iPhone.Build.0 = Release|iPhone
		{22E0BD61-463D-429A-9171-663E6BDEABAB}.Release|iPhoneSimulator.ActiveCfg = Release|iPhoneSimulator
		{22E0BD61-463D-429A-9171-663E6BDEABAB}.Release|iPhoneSimulator.Build.0 = Release|iPhoneSimulator
		{22E0BD61-463D-429A-9171-663E6BDEABAB}.Release|x64.ActiveCfg = Release|iPhone
		{22E0BD61-463D-429A-9171-663E6BDEABAB}.Release|x86.ActiveCfg = Release|iPhone
		{C4AAA756-D0F0-4F62-86B2-83B3A9612456}.Ad-Hoc|Any CPU.ActiveCfg = Release|x86
		{C4AAA756-D0F0-4F62-86B2-83B3A9612456}.Ad-Hoc|Any CPU.Build.0 = Release|x86
		{C4AAA756-D0F0-4F62-86B2-83B3A9612456}.Ad-Hoc|Any CPU.Deploy.0 = Release|x86
		{C4AAA756-D0F0-4F62-86B2-83B3A9612456}.Ad-Hoc|ARM.ActiveCfg = Release|ARM
		{C4AAA756-D0F0-4F62-86B2-83B3A9612456}.Ad-Hoc|ARM.Build.0 = Release|ARM
		{C4AAA756-D0F0-4F62-86B2-83B3A9612456}.Ad-Hoc|ARM.Deploy.0 = Release|ARM
		{C4AAA756-D0F0-4F62-86B2-83B3A9612456}.Ad-Hoc|iPhone.ActiveCfg = Release|x86
		{C4AAA756-D0F0-4F62-86B2-83B3A9612456}.Ad-Hoc|iPhone.Build.0 = Release|x86
		{C4AAA756-D0F0-4F62-86B2-83B3A9612456}.Ad-Hoc|iPhone.Deploy.0 = Release|x86
		{C4AAA756-D0F0-4F62-86B2-83B3A9612456}.Ad-Hoc|iPhoneSimulator.ActiveCfg = Release|x86
		{C4AAA756-D0F0-4F62-86B2-83B3A9612456}.Ad-Hoc|iPhoneSimulator.Build.0 = Release|x86
		{C4AAA756-D0F0-4F62-86B2-83B3A9612456}.Ad-Hoc|iPhoneSimulator.Deploy.0 = Release|x86
		{C4AAA756-D0F0-4F62-86B2-83B3A9612456}.Ad-Hoc|x64.ActiveCfg = Release|x64
		{C4AAA756-D0F0-4F62-86B2-83B3A9612456}.Ad-Hoc|x64.Build.0 = Release|x64
		{C4AAA756-D0F0-4F62-86B2-83B3A9612456}.Ad-Hoc|x64.Deploy.0 = Release|x64
		{C4AAA756-D0F0-4F62-86B2-83B3A9612456}.Ad-Hoc|x86.ActiveCfg = Release|x86
		{C4AAA756-D0F0-4F62-86B2-83B3A9612456}.Ad-Hoc|x86.Build.0 = Release|x86
		{C4AAA756-D0F0-4F62-86B2-83B3A9612456}.Ad-Hoc|x86.Deploy.0 = Release|x86
		{C4AAA756-D0F0-4F62-86B2-83B3A9612456}.AppStore|Any CPU.ActiveCfg = Release|x86
		{C4AAA756-D0F0-4F62-86B2-83B3A9612456}.AppStore|Any CPU.Build.0 = Release|x86
		{C4AAA756-D0F0-4F62-86B2-83B3A9612456}.AppStore|Any CPU.Deploy.0 = Release|x86
		{C4AAA756-D0F0-4F62-86B2-83B3A9612456}.AppStore|ARM.ActiveCfg = Release|ARM
		{C4AAA756-D0F0-4F62-86B2-83B3A9612456}.AppStore|ARM.Build.0 = Release|ARM
		{C4AAA756-D0F0-4F62-86B2-83B3A9612456}.AppStore|ARM.Deploy.0 = Release|ARM
		{C4AAA756-D0F0-4F62-86B2-83B3A9612456}.AppStore|iPhone.ActiveCfg = Release|x86
		{C4AAA756-D0F0-4F62-86B2-83B3A9612456}.AppStore|iPhone.Build.0 = Release|x86
		{C4AAA756-D0F0-4F62-86B2-83B3A9612456}.AppStore|iPhone.Deploy.0 = Release|x86
		{C4AAA756-D0F0-4F62-86B2-83B3A9612456}.AppStore|iPhoneSimulator.ActiveCfg = Release|x86
		{C4AAA756-D0F0-4F62-86B2-83B3A9612456}.AppStore|iPhoneSimulator.Build.0 = Release|x86
		{C4AAA756-D0F0-4F62-86B2-83B3A9612456}.AppStore|iPhoneSimulator.Deploy.0 = Release|x86
		{C4AAA756-D0F0-4F62-86B2-83B3A9612456}.AppStore|x64.ActiveCfg = Release|x64
		{C4AAA756-D0F0-4F62-86B2-83B3A9612456}.AppStore|x64.Build.0 = Release|x64
		{C4AAA756-D0F0-4F62-86B2-83B3A9612456}.AppStore|x64.Deploy.0 = Release|x64
		{C4AAA756-D0F0-4F62-86B2-83B3A9612456}.AppStore|x86.ActiveCfg = Release|x86
		{C4AAA756-D0F0-4F62-86B2-83B3A9612456}.AppStore|x86.Build.0 = Release|x86
		{C4AAA756-D0F0-4F62-86B2-83B3A9612456}.AppStore|x86.Deploy.0 = Release|x86
		{C4AAA756-D0F0-4F62-86B2-83B3A9612456}.Debug|Any CPU.ActiveCfg = Debug|x86
		{C4AAA756-D0F0-4F62-86B2-83B3A9612456}.Debug|ARM.ActiveCfg = Debug|ARM
		{C4AAA756-D0F0-4F62-86B2-83B3A9612456}.Debug|ARM.Build.0 = Debug|ARM
		{C4AAA756-D0F0-4F62-86B2-83B3A9612456}.Debug|ARM.Deploy.0 = Debug|ARM
		{C4AAA756-D0F0-4F62-86B2-83B3A9612456}.Debug|iPhone.ActiveCfg = Debug|x86
		{C4AAA756-D0F0-4F62-86B2-83B3A9612456}.Debug|iPhoneSimulator.ActiveCfg = Debug|x86
		{C4AAA756-D0F0-4F62-86B2-83B3A9612456}.Debug|x64.ActiveCfg = Debug|x64
		{C4AAA756-D0F0-4F62-86B2-83B3A9612456}.Debug|x64.Build.0 = Debug|x64
		{C4AAA756-D0F0-4F62-86B2-83B3A9612456}.Debug|x64.Deploy.0 = Debug|x64
		{C4AAA756-D0F0-4F62-86B2-83B3A9612456}.Debug|x86.ActiveCfg = Debug|x86
		{C4AAA756-D0F0-4F62-86B2-83B3A9612456}.Debug|x86.Build.0 = Debug|x86
		{C4AAA756-D0F0-4F62-86B2-83B3A9612456}.Debug|x86.Deploy.0 = Debug|x86
		{C4AAA756-D0F0-4F62-86B2-83B3A9612456}.Release|Any CPU.ActiveCfg = Release|x86
		{C4AAA756-D0F0-4F62-86B2-83B3A9612456}.Release|ARM.ActiveCfg = Release|ARM
		{C4AAA756-D0F0-4F62-86B2-83B3A9612456}.Release|ARM.Build.0 = Release|ARM
		{C4AAA756-D0F0-4F62-86B2-83B3A9612456}.Release|ARM.Deploy.0 = Release|ARM
		{C4AAA756-D0F0-4F62-86B2-83B3A9612456}.Release|iPhone.ActiveCfg = Release|x86
		{C4AAA756-D0F0-4F62-86B2-83B3A9612456}.Release|iPhoneSimulator.ActiveCfg = Release|x86
		{C4AAA756-D0F0-4F62-86B2-83B3A9612456}.Release|x64.ActiveCfg = Release|x64
		{C4AAA756-D0F0-4F62-86B2-83B3A9612456}.Release|x64.Build.0 = Release|x64
		{C4AAA756-D0F0-4F62-86B2-83B3A9612456}.Release|x64.Deploy.0 = Release|x64
		{C4AAA756-D0F0-4F62-86B2-83B3A9612456}.Release|x86.ActiveCfg = Release|x86
		{C4AAA756-D0F0-4F62-86B2-83B3A9612456}.Release|x86.Build.0 = Release|x86
		{C4AAA756-D0F0-4F62-86B2-83B3A9612456}.Release|x86.Deploy.0 = Release|x86
		{EF097939-6811-4762-AF41-DADBDBC35261}.Ad-Hoc|Any CPU.ActiveCfg = Debug|Any CPU
		{EF097939-6811-4762-AF41-DADBDBC35261}.Ad-Hoc|Any CPU.Build.0 = Debug|Any CPU
		{EF097939-6811-4762-AF41-DADBDBC35261}.Ad-Hoc|ARM.ActiveCfg = Debug|Any CPU
		{EF097939-6811-4762-AF41-DADBDBC35261}.Ad-Hoc|ARM.Build.0 = Debug|Any CPU
		{EF097939-6811-4762-AF41-DADBDBC35261}.Ad-Hoc|iPhone.ActiveCfg = Debug|Any CPU
		{EF097939-6811-4762-AF41-DADBDBC35261}.Ad-Hoc|iPhone.Build.0 = Debug|Any CPU
		{EF097939-6811-4762-AF41-DADBDBC35261}.Ad-Hoc|iPhoneSimulator.ActiveCfg = Debug|Any CPU
		{EF097939-6811-4762-AF41-DADBDBC35261}.Ad-Hoc|iPhoneSimulator.Build.0 = Debug|Any CPU
		{EF097939-6811-4762-AF41-DADBDBC35261}.Ad-Hoc|x64.ActiveCfg = Debug|Any CPU
		{EF097939-6811-4762-AF41-DADBDBC35261}.Ad-Hoc|x64.Build.0 = Debug|Any CPU
		{EF097939-6811-4762-AF41-DADBDBC35261}.Ad-Hoc|x86.ActiveCfg = Debug|Any CPU
		{EF097939-6811-4762-AF41-DADBDBC35261}.Ad-Hoc|x86.Build.0 = Debug|Any CPU
		{EF097939-6811-4762-AF41-DADBDBC35261}.AppStore|Any CPU.ActiveCfg = Debug|Any CPU
		{EF097939-6811-4762-AF41-DADBDBC35261}.AppStore|Any CPU.Build.0 = Debug|Any CPU
		{EF097939-6811-4762-AF41-DADBDBC35261}.AppStore|ARM.ActiveCfg = Debug|Any CPU
		{EF097939-6811-4762-AF41-DADBDBC35261}.AppStore|ARM.Build.0 = Debug|Any CPU
		{EF097939-6811-4762-AF41-DADBDBC35261}.AppStore|iPhone.ActiveCfg = Debug|Any CPU
		{EF097939-6811-4762-AF41-DADBDBC35261}.AppStore|iPhone.Build.0 = Debug|Any CPU
		{EF097939-6811-4762-AF41-DADBDBC35261}.AppStore|iPhoneSimulator.ActiveCfg = Debug|Any CPU
		{EF097939-6811-4762-AF41-DADBDBC35261}.AppStore|iPhoneSimulator.Build.0 = Debug|Any CPU
		{EF097939-6811-4762-AF41-DADBDBC35261}.AppStore|x64.ActiveCfg = Debug|Any CPU
		{EF097939-6811-4762-AF41-DADBDBC35261}.AppStore|x64.Build.0 = Debug|Any CPU
		{EF097939-6811-4762-AF41-DADBDBC35261}.AppStore|x86.ActiveCfg = Debug|Any CPU
		{EF097939-6811-4762-AF41-DADBDBC35261}.AppStore|x86.Build.0 = Debug|Any CPU
		{EF097939-6811-4762-AF41-DADBDBC35261}.Debug|Any CPU.ActiveCfg = Debug|Any CPU
		{EF097939-6811-4762-AF41-DADBDBC35261}.Debug|Any CPU.Build.0 = Debug|Any CPU
		{EF097939-6811-4762-AF41-DADBDBC35261}.Debug|ARM.ActiveCfg = Debug|Any CPU
		{EF097939-6811-4762-AF41-DADBDBC35261}.Debug|ARM.Build.0 = Debug|Any CPU
		{EF097939-6811-4762-AF41-DADBDBC35261}.Debug|iPhone.ActiveCfg = Debug|Any CPU
		{EF097939-6811-4762-AF41-DADBDBC35261}.Debug|iPhone.Build.0 = Debug|Any CPU
		{EF097939-6811-4762-AF41-DADBDBC35261}.Debug|iPhoneSimulator.ActiveCfg = Debug|Any CPU
		{EF097939-6811-4762-AF41-DADBDBC35261}.Debug|iPhoneSimulator.Build.0 = Debug|Any CPU
		{EF097939-6811-4762-AF41-DADBDBC35261}.Debug|x64.ActiveCfg = Debug|Any CPU
		{EF097939-6811-4762-AF41-DADBDBC35261}.Debug|x64.Build.0 = Debug|Any CPU
		{EF097939-6811-4762-AF41-DADBDBC35261}.Debug|x86.ActiveCfg = Debug|Any CPU
		{EF097939-6811-4762-AF41-DADBDBC35261}.Debug|x86.Build.0 = Debug|Any CPU
		{EF097939-6811-4762-AF41-DADBDBC35261}.Release|Any CPU.ActiveCfg = Release|Any CPU
		{EF097939-6811-4762-AF41-DADBDBC35261}.Release|Any CPU.Build.0 = Release|Any CPU
		{EF097939-6811-4762-AF41-DADBDBC35261}.Release|ARM.ActiveCfg = Release|Any CPU
		{EF097939-6811-4762-AF41-DADBDBC35261}.Release|ARM.Build.0 = Release|Any CPU
		{EF097939-6811-4762-AF41-DADBDBC35261}.Release|iPhone.ActiveCfg = Release|Any CPU
		{EF097939-6811-4762-AF41-DADBDBC35261}.Release|iPhone.Build.0 = Release|Any CPU
		{EF097939-6811-4762-AF41-DADBDBC35261}.Release|iPhoneSimulator.ActiveCfg = Release|Any CPU
		{EF097939-6811-4762-AF41-DADBDBC35261}.Release|iPhoneSimulator.Build.0 = Release|Any CPU
		{EF097939-6811-4762-AF41-DADBDBC35261}.Release|x64.ActiveCfg = Release|Any CPU
		{EF097939-6811-4762-AF41-DADBDBC35261}.Release|x64.Build.0 = Release|Any CPU
		{EF097939-6811-4762-AF41-DADBDBC35261}.Release|x86.ActiveCfg = Release|Any CPU
		{EF097939-6811-4762-AF41-DADBDBC35261}.Release|x86.Build.0 = Release|Any CPU
	EndGlobalSection
	GlobalSection(SolutionProperties) = preSolution
		HideSolutionNode = FALSE
	EndGlobalSection
	GlobalSection(ExtensibilityGlobals) = postSolution
		SolutionGuid = {B9A5C8D9-811E-4D5D-B031-71967FB1E166}
	EndGlobalSection
EndGlobal
